
Microsoft Visual Studio Solution File, Format Version 12.00
Project("{FAE04EC0-301F-11D3-BF4B-00C04F79EFBC}") = "UnoApp_Test.iOS", "UnoApp_Test\UnoApp_Test.iOS\UnoApp_Test.iOS.csproj", "{B88008B1-1FCF-4CD4-9A32-01F690D02D08}"
EndProject
Project("{FAE04EC0-301F-11D3-BF4B-00C04F79EFBC}") = "UnoApp_Test.Droid", "UnoApp_Test\UnoApp_Test.Droid\UnoApp_Test.Droid.csproj", "{00DE0E4A-E7E7-4E51-A5AC-61EB165A103A}"
EndProject
Project("{FAE04EC0-301F-11D3-BF4B-00C04F79EFBC}") = "UnoApp_Test.Uwp", "UnoApp_Test\UnoApp_Test.UWP\UnoApp_Test.Uwp.csproj", "{06E929AD-4BE1-4CE0-B6D2-32E4954B6414}"
EndProject
Project("{FAE04EC0-301F-11D3-BF4B-00C04F79EFBC}") = "UnoApp_Test.Skia.Gtk", "UnoApp_Test\UnoApp_Test.Skia.Gtk\UnoApp_Test.Skia.Gtk.csproj", "{12DDEB3A-5934-4379-A8C0-65E8811BA5FD}"
EndProject
Project("{FAE04EC0-301F-11D3-BF4B-00C04F79EFBC}") = "UnoApp_Test.Skia.Tizen", "UnoApp_Test\UnoApp_Test.Skia.Tizen\UnoApp_Test.Skia.Tizen.csproj", "{A87CB00F-D7F8-4877-8F48-E96C7354D084}"
EndProject
Project("{FAE04EC0-301F-11D3-BF4B-00C04F79EFBC}") = "UnoApp_Test.Skia.WPF", "UnoApp_Test\UnoApp_Test.Skia.WPF\UnoApp_Test.Skia.WPF.csproj", "{59AB3138-A24F-4786-8B53-F227B932E136}"
EndProject
Project("{FAE04EC0-301F-11D3-BF4B-00C04F79EFBC}") = "UnoApp_Test.Skia.Wpf.Host", "UnoApp_Test\UnoApp_Test.Skia.WPF.Host\UnoApp_Test.Skia.Wpf.Host.csproj", "{BCFEB959-6D7D-44DD-822A-BB54FB3E9EF6}"
EndProject
Project("{FAE04EC0-301F-11D3-BF4B-00C04F79EFBC}") = "UnoApp_Test.macOS", "UnoApp_Test\UnoApp_Test.macOS\UnoApp_Test.macOS.csproj", "{8E5C5BB6-C6BA-4BC0-A445-23B0068D44EB}"
EndProject
Project("{FAE04EC0-301F-11D3-BF4B-00C04F79EFBC}") = "UnoApp_Test.Wasm", "UnoApp_Test\UnoApp_Test.Wasm\UnoApp_Test.Wasm.csproj", "{DC4167F1-A360-40B0-951A-0A6167DBBFE3}"
EndProject
Project("{D954291E-2A0B-460D-934E-DC6B0785DB48}") = "UnoApp_Test.Shared", "UnoApp_Test\UnoApp_Test.Shared\UnoApp_Test.Shared.shproj", "{6279C845-92F8-4333-AB99-3D213163593C}"
EndProject
Global
	GlobalSection(SolutionConfigurationPlatforms) = preSolution
		Ad-Hoc|iPhone = Ad-Hoc|iPhone
		AppStore|iPhone = AppStore|iPhone
		Debug|Any CPU = Debug|Any CPU
		Debug|ARM = Debug|ARM
		Debug|ARM64 = Debug|ARM64
		Debug|iPhone = Debug|iPhone
		Debug|iPhoneSimulator = Debug|iPhoneSimulator
		Debug|x64 = Debug|x64
		Debug|x86 = Debug|x86
		Release|Any CPU = Release|Any CPU
		Release|ARM = Release|ARM
		Release|ARM64 = Release|ARM64
		Release|iPhone = Release|iPhone
		Release|iPhoneSimulator = Release|iPhoneSimulator
		Release|x64 = Release|x64
		Release|x86 = Release|x86
	EndGlobalSection
	GlobalSection(ProjectConfigurationPlatforms) = postSolution
		{B88008B1-1FCF-4CD4-9A32-01F690D02D08}.Ad-Hoc|iPhone.ActiveCfg = Ad-Hoc|iPhone
		{B88008B1-1FCF-4CD4-9A32-01F690D02D08}.Ad-Hoc|iPhone.Build.0 = Ad-Hoc|iPhone
		{B88008B1-1FCF-4CD4-9A32-01F690D02D08}.Ad-Hoc|iPhone.Deploy.0 = Ad-Hoc|iPhone
		{B88008B1-1FCF-4CD4-9A32-01F690D02D08}.AppStore|iPhone.ActiveCfg = AppStore|iPhone
		{B88008B1-1FCF-4CD4-9A32-01F690D02D08}.AppStore|iPhone.Build.0 = AppStore|iPhone
		{B88008B1-1FCF-4CD4-9A32-01F690D02D08}.AppStore|iPhone.Deploy.0 = AppStore|iPhone
		{B88008B1-1FCF-4CD4-9A32-01F690D02D08}.Debug|Any CPU.ActiveCfg = Debug|iPhoneSimulator
		{B88008B1-1FCF-4CD4-9A32-01F690D02D08}.Debug|Any CPU.Build.0 = Debug|iPhoneSimulator
		{B88008B1-1FCF-4CD4-9A32-01F690D02D08}.Debug|Any CPU.Deploy.0 = Debug|iPhoneSimulator
		{B88008B1-1FCF-4CD4-9A32-01F690D02D08}.Debug|ARM.ActiveCfg = Debug|iPhoneSimulator
		{B88008B1-1FCF-4CD4-9A32-01F690D02D08}.Debug|ARM.Build.0 = Debug|iPhoneSimulator
		{B88008B1-1FCF-4CD4-9A32-01F690D02D08}.Debug|ARM.Deploy.0 = Debug|iPhoneSimulator
		{B88008B1-1FCF-4CD4-9A32-01F690D02D08}.Debug|ARM64.ActiveCfg = Debug|iPhoneSimulator
		{B88008B1-1FCF-4CD4-9A32-01F690D02D08}.Debug|ARM64.Build.0 = Debug|iPhoneSimulator
		{B88008B1-1FCF-4CD4-9A32-01F690D02D08}.Debug|ARM64.Deploy.0 = Debug|iPhoneSimulator
		{B88008B1-1FCF-4CD4-9A32-01F690D02D08}.Debug|iPhone.ActiveCfg = Debug|iPhone
		{B88008B1-1FCF-4CD4-9A32-01F690D02D08}.Debug|iPhone.Build.0 = Debug|iPhone
		{B88008B1-1FCF-4CD4-9A32-01F690D02D08}.Debug|iPhone.Deploy.0 = Debug|iPhone
		{B88008B1-1FCF-4CD4-9A32-01F690D02D08}.Debug|iPhoneSimulator.ActiveCfg = Debug|iPhoneSimulator
		{B88008B1-1FCF-4CD4-9A32-01F690D02D08}.Debug|iPhoneSimulator.Build.0 = Debug|iPhoneSimulator
		{B88008B1-1FCF-4CD4-9A32-01F690D02D08}.Debug|iPhoneSimulator.Deploy.0 = Debug|iPhoneSimulator
		{B88008B1-1FCF-4CD4-9A32-01F690D02D08}.Debug|x64.ActiveCfg = Debug|iPhoneSimulator
		{B88008B1-1FCF-4CD4-9A32-01F690D02D08}.Debug|x64.Build.0 = Debug|iPhoneSimulator
		{B88008B1-1FCF-4CD4-9A32-01F690D02D08}.Debug|x64.Deploy.0 = Debug|iPhoneSimulator
		{B88008B1-1FCF-4CD4-9A32-01F690D02D08}.Debug|x86.ActiveCfg = Debug|iPhoneSimulator
		{B88008B1-1FCF-4CD4-9A32-01F690D02D08}.Debug|x86.Build.0 = Debug|iPhoneSimulator
		{B88008B1-1FCF-4CD4-9A32-01F690D02D08}.Debug|x86.Deploy.0 = Debug|iPhoneSimulator
		{B88008B1-1FCF-4CD4-9A32-01F690D02D08}.Release|Any CPU.ActiveCfg = Release|iPhoneSimulator
		{B88008B1-1FCF-4CD4-9A32-01F690D02D08}.Release|Any CPU.Build.0 = Release|iPhoneSimulator
		{B88008B1-1FCF-4CD4-9A32-01F690D02D08}.Release|Any CPU.Deploy.0 = Release|iPhoneSimulator
		{B88008B1-1FCF-4CD4-9A32-01F690D02D08}.Release|ARM.ActiveCfg = Release|iPhoneSimulator
		{B88008B1-1FCF-4CD4-9A32-01F690D02D08}.Release|ARM.Build.0 = Release|iPhoneSimulator
		{B88008B1-1FCF-4CD4-9A32-01F690D02D08}.Release|ARM.Deploy.0 = Release|iPhoneSimulator
		{B88008B1-1FCF-4CD4-9A32-01F690D02D08}.Release|ARM64.ActiveCfg = Release|iPhoneSimulator
		{B88008B1-1FCF-4CD4-9A32-01F690D02D08}.Release|ARM64.Build.0 = Release|iPhoneSimulator
		{B88008B1-1FCF-4CD4-9A32-01F690D02D08}.Release|ARM64.Deploy.0 = Release|iPhoneSimulator
		{B88008B1-1FCF-4CD4-9A32-01F690D02D08}.Release|iPhone.ActiveCfg = Release|iPhone
		{B88008B1-1FCF-4CD4-9A32-01F690D02D08}.Release|iPhone.Build.0 = Release|iPhone
		{B88008B1-1FCF-4CD4-9A32-01F690D02D08}.Release|iPhone.Deploy.0 = Release|iPhone
		{B88008B1-1FCF-4CD4-9A32-01F690D02D08}.Release|iPhoneSimulator.ActiveCfg = Release|iPhoneSimulator
		{B88008B1-1FCF-4CD4-9A32-01F690D02D08}.Release|iPhoneSimulator.Build.0 = Release|iPhoneSimulator
		{B88008B1-1FCF-4CD4-9A32-01F690D02D08}.Release|iPhoneSimulator.Deploy.0 = Release|iPhoneSimulator
		{B88008B1-1FCF-4CD4-9A32-01F690D02D08}.Release|x64.ActiveCfg = Release|iPhoneSimulator
		{B88008B1-1FCF-4CD4-9A32-01F690D02D08}.Release|x64.Build.0 = Release|iPhoneSimulator
		{B88008B1-1FCF-4CD4-9A32-01F690D02D08}.Release|x64.Deploy.0 = Release|iPhoneSimulator
		{B88008B1-1FCF-4CD4-9A32-01F690D02D08}.Release|x86.ActiveCfg = Release|iPhoneSimulator
		{B88008B1-1FCF-4CD4-9A32-01F690D02D08}.Release|x86.Build.0 = Release|iPhoneSimulator
		{B88008B1-1FCF-4CD4-9A32-01F690D02D08}.Release|x86.Deploy.0 = Release|iPhoneSimulator
		{00DE0E4A-E7E7-4E51-A5AC-61EB165A103A}.Ad-Hoc|iPhone.ActiveCfg = Debug|Any CPU
		{00DE0E4A-E7E7-4E51-A5AC-61EB165A103A}.Ad-Hoc|iPhone.Build.0 = Debug|Any CPU
		{00DE0E4A-E7E7-4E51-A5AC-61EB165A103A}.Ad-Hoc|iPhone.Deploy.0 = Debug|Any CPU
		{00DE0E4A-E7E7-4E51-A5AC-61EB165A103A}.AppStore|iPhone.ActiveCfg = Debug|Any CPU
		{00DE0E4A-E7E7-4E51-A5AC-61EB165A103A}.AppStore|iPhone.Build.0 = Debug|Any CPU
		{00DE0E4A-E7E7-4E51-A5AC-61EB165A103A}.AppStore|iPhone.Deploy.0 = Debug|Any CPU
		{00DE0E4A-E7E7-4E51-A5AC-61EB165A103A}.Debug|Any CPU.ActiveCfg = Debug|Any CPU
		{00DE0E4A-E7E7-4E51-A5AC-61EB165A103A}.Debug|Any CPU.Build.0 = Debug|Any CPU
		{00DE0E4A-E7E7-4E51-A5AC-61EB165A103A}.Debug|Any CPU.Deploy.0 = Debug|Any CPU
		{00DE0E4A-E7E7-4E51-A5AC-61EB165A103A}.Debug|ARM.ActiveCfg = Debug|Any CPU
		{00DE0E4A-E7E7-4E51-A5AC-61EB165A103A}.Debug|ARM.Build.0 = Debug|Any CPU
		{00DE0E4A-E7E7-4E51-A5AC-61EB165A103A}.Debug|ARM.Deploy.0 = Debug|Any CPU
		{00DE0E4A-E7E7-4E51-A5AC-61EB165A103A}.Debug|ARM64.ActiveCfg = Debug|Any CPU
		{00DE0E4A-E7E7-4E51-A5AC-61EB165A103A}.Debug|ARM64.Build.0 = Debug|Any CPU
		{00DE0E4A-E7E7-4E51-A5AC-61EB165A103A}.Debug|ARM64.Deploy.0 = Debug|Any CPU
		{00DE0E4A-E7E7-4E51-A5AC-61EB165A103A}.Debug|iPhone.ActiveCfg = Debug|Any CPU
		{00DE0E4A-E7E7-4E51-A5AC-61EB165A103A}.Debug|iPhone.Build.0 = Debug|Any CPU
		{00DE0E4A-E7E7-4E51-A5AC-61EB165A103A}.Debug|iPhone.Deploy.0 = Debug|Any CPU
		{00DE0E4A-E7E7-4E51-A5AC-61EB165A103A}.Debug|iPhoneSimulator.ActiveCfg = Debug|Any CPU
		{00DE0E4A-E7E7-4E51-A5AC-61EB165A103A}.Debug|iPhoneSimulator.Build.0 = Debug|Any CPU
		{00DE0E4A-E7E7-4E51-A5AC-61EB165A103A}.Debug|iPhoneSimulator.Deploy.0 = Debug|Any CPU
		{00DE0E4A-E7E7-4E51-A5AC-61EB165A103A}.Debug|x64.ActiveCfg = Debug|Any CPU
		{00DE0E4A-E7E7-4E51-A5AC-61EB165A103A}.Debug|x64.Build.0 = Debug|Any CPU
		{00DE0E4A-E7E7-4E51-A5AC-61EB165A103A}.Debug|x64.Deploy.0 = Debug|Any CPU
		{00DE0E4A-E7E7-4E51-A5AC-61EB165A103A}.Debug|x86.ActiveCfg = Debug|Any CPU
		{00DE0E4A-E7E7-4E51-A5AC-61EB165A103A}.Debug|x86.Build.0 = Debug|Any CPU
		{00DE0E4A-E7E7-4E51-A5AC-61EB165A103A}.Debug|x86.Deploy.0 = Debug|Any CPU
		{00DE0E4A-E7E7-4E51-A5AC-61EB165A103A}.Release|Any CPU.ActiveCfg = Release|Any CPU
		{00DE0E4A-E7E7-4E51-A5AC-61EB165A103A}.Release|Any CPU.Build.0 = Release|Any CPU
		{00DE0E4A-E7E7-4E51-A5AC-61EB165A103A}.Release|Any CPU.Deploy.0 = Release|Any CPU
		{00DE0E4A-E7E7-4E51-A5AC-61EB165A103A}.Release|ARM.ActiveCfg = Release|Any CPU
		{00DE0E4A-E7E7-4E51-A5AC-61EB165A103A}.Release|ARM.Build.0 = Release|Any CPU
		{00DE0E4A-E7E7-4E51-A5AC-61EB165A103A}.Release|ARM.Deploy.0 = Release|Any CPU
		{00DE0E4A-E7E7-4E51-A5AC-61EB165A103A}.Release|ARM64.ActiveCfg = Release|Any CPU
		{00DE0E4A-E7E7-4E51-A5AC-61EB165A103A}.Release|ARM64.Build.0 = Release|Any CPU
		{00DE0E4A-E7E7-4E51-A5AC-61EB165A103A}.Release|ARM64.Deploy.0 = Release|Any CPU
		{00DE0E4A-E7E7-4E51-A5AC-61EB165A103A}.Release|iPhone.ActiveCfg = Release|Any CPU
		{00DE0E4A-E7E7-4E51-A5AC-61EB165A103A}.Release|iPhone.Build.0 = Release|Any CPU
		{00DE0E4A-E7E7-4E51-A5AC-61EB165A103A}.Release|iPhone.Deploy.0 = Release|Any CPU
		{00DE0E4A-E7E7-4E51-A5AC-61EB165A103A}.Release|iPhoneSimulator.ActiveCfg = Release|Any CPU
		{00DE0E4A-E7E7-4E51-A5AC-61EB165A103A}.Release|iPhoneSimulator.Build.0 = Release|Any CPU
		{00DE0E4A-E7E7-4E51-A5AC-61EB165A103A}.Release|iPhoneSimulator.Deploy.0 = Release|Any CPU
		{00DE0E4A-E7E7-4E51-A5AC-61EB165A103A}.Release|x64.ActiveCfg = Release|Any CPU
		{00DE0E4A-E7E7-4E51-A5AC-61EB165A103A}.Release|x64.Build.0 = Release|Any CPU
		{00DE0E4A-E7E7-4E51-A5AC-61EB165A103A}.Release|x64.Deploy.0 = Release|Any CPU
		{00DE0E4A-E7E7-4E51-A5AC-61EB165A103A}.Release|x86.ActiveCfg = Release|Any CPU
		{00DE0E4A-E7E7-4E51-A5AC-61EB165A103A}.Release|x86.Build.0 = Release|Any CPU
		{00DE0E4A-E7E7-4E51-A5AC-61EB165A103A}.Release|x86.Deploy.0 = Release|Any CPU
		{06E929AD-4BE1-4CE0-B6D2-32E4954B6414}.Ad-Hoc|iPhone.ActiveCfg = Debug|x86
		{06E929AD-4BE1-4CE0-B6D2-32E4954B6414}.Ad-Hoc|iPhone.Build.0 = Debug|x86
		{06E929AD-4BE1-4CE0-B6D2-32E4954B6414}.Ad-Hoc|iPhone.Deploy.0 = Debug|x86
		{06E929AD-4BE1-4CE0-B6D2-32E4954B6414}.AppStore|iPhone.ActiveCfg = Debug|x86
		{06E929AD-4BE1-4CE0-B6D2-32E4954B6414}.AppStore|iPhone.Build.0 = Debug|x86
		{06E929AD-4BE1-4CE0-B6D2-32E4954B6414}.AppStore|iPhone.Deploy.0 = Debug|x86
		{06E929AD-4BE1-4CE0-B6D2-32E4954B6414}.Debug|Any CPU.ActiveCfg = Debug|x86
		{06E929AD-4BE1-4CE0-B6D2-32E4954B6414}.Debug|Any CPU.Build.0 = Debug|x86
		{06E929AD-4BE1-4CE0-B6D2-32E4954B6414}.Debug|Any CPU.Deploy.0 = Debug|x86
		{06E929AD-4BE1-4CE0-B6D2-32E4954B6414}.Debug|ARM.ActiveCfg = Debug|ARM
		{06E929AD-4BE1-4CE0-B6D2-32E4954B6414}.Debug|ARM.Build.0 = Debug|ARM
		{06E929AD-4BE1-4CE0-B6D2-32E4954B6414}.Debug|ARM.Deploy.0 = Debug|ARM
		{06E929AD-4BE1-4CE0-B6D2-32E4954B6414}.Debug|ARM64.ActiveCfg = Debug|ARM64
		{06E929AD-4BE1-4CE0-B6D2-32E4954B6414}.Debug|ARM64.Build.0 = Debug|ARM64
		{06E929AD-4BE1-4CE0-B6D2-32E4954B6414}.Debug|ARM64.Deploy.0 = Debug|ARM64
		{06E929AD-4BE1-4CE0-B6D2-32E4954B6414}.Debug|iPhone.ActiveCfg = Debug|x86
		{06E929AD-4BE1-4CE0-B6D2-32E4954B6414}.Debug|iPhone.Build.0 = Debug|x86
		{06E929AD-4BE1-4CE0-B6D2-32E4954B6414}.Debug|iPhone.Deploy.0 = Debug|x86
		{06E929AD-4BE1-4CE0-B6D2-32E4954B6414}.Debug|iPhoneSimulator.ActiveCfg = Debug|x86
		{06E929AD-4BE1-4CE0-B6D2-32E4954B6414}.Debug|iPhoneSimulator.Build.0 = Debug|x86
		{06E929AD-4BE1-4CE0-B6D2-32E4954B6414}.Debug|iPhoneSimulator.Deploy.0 = Debug|x86
		{06E929AD-4BE1-4CE0-B6D2-32E4954B6414}.Debug|x64.ActiveCfg = Debug|x64
		{06E929AD-4BE1-4CE0-B6D2-32E4954B6414}.Debug|x64.Build.0 = Debug|x64
		{06E929AD-4BE1-4CE0-B6D2-32E4954B6414}.Debug|x64.Deploy.0 = Debug|x64
		{06E929AD-4BE1-4CE0-B6D2-32E4954B6414}.Debug|x86.ActiveCfg = Debug|x86
		{06E929AD-4BE1-4CE0-B6D2-32E4954B6414}.Debug|x86.Build.0 = Debug|x86
		{06E929AD-4BE1-4CE0-B6D2-32E4954B6414}.Debug|x86.Deploy.0 = Debug|x86
		{06E929AD-4BE1-4CE0-B6D2-32E4954B6414}.Release|Any CPU.ActiveCfg = Release|x86
		{06E929AD-4BE1-4CE0-B6D2-32E4954B6414}.Release|Any CPU.Build.0 = Release|x86
		{06E929AD-4BE1-4CE0-B6D2-32E4954B6414}.Release|Any CPU.Deploy.0 = Release|x86
		{06E929AD-4BE1-4CE0-B6D2-32E4954B6414}.Release|ARM.ActiveCfg = Release|ARM
		{06E929AD-4BE1-4CE0-B6D2-32E4954B6414}.Release|ARM.Build.0 = Release|ARM
		{06E929AD-4BE1-4CE0-B6D2-32E4954B6414}.Release|ARM.Deploy.0 = Release|ARM
		{06E929AD-4BE1-4CE0-B6D2-32E4954B6414}.Release|ARM64.ActiveCfg = Release|ARM64
		{06E929AD-4BE1-4CE0-B6D2-32E4954B6414}.Release|ARM64.Build.0 = Release|ARM64
		{06E929AD-4BE1-4CE0-B6D2-32E4954B6414}.Release|ARM64.Deploy.0 = Release|ARM64
		{06E929AD-4BE1-4CE0-B6D2-32E4954B6414}.Release|iPhone.ActiveCfg = Release|x86
		{06E929AD-4BE1-4CE0-B6D2-32E4954B6414}.Release|iPhone.Build.0 = Release|x86
		{06E929AD-4BE1-4CE0-B6D2-32E4954B6414}.Release|iPhone.Deploy.0 = Release|x86
		{06E929AD-4BE1-4CE0-B6D2-32E4954B6414}.Release|iPhoneSimulator.ActiveCfg = Release|x86
		{06E929AD-4BE1-4CE0-B6D2-32E4954B6414}.Release|iPhoneSimulator.Build.0 = Release|x86
		{06E929AD-4BE1-4CE0-B6D2-32E4954B6414}.Release|iPhoneSimulator.Deploy.0 = Release|x86
		{06E929AD-4BE1-4CE0-B6D2-32E4954B6414}.Release|x64.ActiveCfg = Release|x64
		{06E929AD-4BE1-4CE0-B6D2-32E4954B6414}.Release|x64.Build.0 = Release|x64
		{06E929AD-4BE1-4CE0-B6D2-32E4954B6414}.Release|x64.Deploy.0 = Release|x64
		{06E929AD-4BE1-4CE0-B6D2-32E4954B6414}.Release|x86.ActiveCfg = Release|x86
		{06E929AD-4BE1-4CE0-B6D2-32E4954B6414}.Release|x86.Build.0 = Release|x86
		{06E929AD-4BE1-4CE0-B6D2-32E4954B6414}.Release|x86.Deploy.0 = Release|x86
		{12DDEB3A-5934-4379-A8C0-65E8811BA5FD}.Ad-Hoc|iPhone.ActiveCfg = Debug|Any CPU
		{12DDEB3A-5934-4379-A8C0-65E8811BA5FD}.Ad-Hoc|iPhone.Build.0 = Debug|Any CPU
		{12DDEB3A-5934-4379-A8C0-65E8811BA5FD}.Ad-Hoc|iPhone.Deploy.0 = Debug|Any CPU
		{12DDEB3A-5934-4379-A8C0-65E8811BA5FD}.AppStore|iPhone.ActiveCfg = Debug|Any CPU
		{12DDEB3A-5934-4379-A8C0-65E8811BA5FD}.AppStore|iPhone.Build.0 = Debug|Any CPU
		{12DDEB3A-5934-4379-A8C0-65E8811BA5FD}.AppStore|iPhone.Deploy.0 = Debug|Any CPU
		{12DDEB3A-5934-4379-A8C0-65E8811BA5FD}.Debug|Any CPU.ActiveCfg = Debug|Any CPU
		{12DDEB3A-5934-4379-A8C0-65E8811BA5FD}.Debug|Any CPU.Build.0 = Debug|Any CPU
		{12DDEB3A-5934-4379-A8C0-65E8811BA5FD}.Debug|Any CPU.Deploy.0 = Debug|Any CPU
		{12DDEB3A-5934-4379-A8C0-65E8811BA5FD}.Debug|ARM.ActiveCfg = Debug|Any CPU
		{12DDEB3A-5934-4379-A8C0-65E8811BA5FD}.Debug|ARM.Build.0 = Debug|Any CPU
		{12DDEB3A-5934-4379-A8C0-65E8811BA5FD}.Debug|ARM.Deploy.0 = Debug|Any CPU
		{12DDEB3A-5934-4379-A8C0-65E8811BA5FD}.Debug|ARM64.ActiveCfg = Debug|Any CPU
		{12DDEB3A-5934-4379-A8C0-65E8811BA5FD}.Debug|ARM64.Build.0 = Debug|Any CPU
		{12DDEB3A-5934-4379-A8C0-65E8811BA5FD}.Debug|ARM64.Deploy.0 = Debug|Any CPU
		{12DDEB3A-5934-4379-A8C0-65E8811BA5FD}.Debug|iPhone.ActiveCfg = Debug|Any CPU
		{12DDEB3A-5934-4379-A8C0-65E8811BA5FD}.Debug|iPhone.Build.0 = Debug|Any CPU
		{12DDEB3A-5934-4379-A8C0-65E8811BA5FD}.Debug|iPhone.Deploy.0 = Debug|Any CPU
		{12DDEB3A-5934-4379-A8C0-65E8811BA5FD}.Debug|iPhoneSimulator.ActiveCfg = Debug|Any CPU
		{12DDEB3A-5934-4379-A8C0-65E8811BA5FD}.Debug|iPhoneSimulator.Build.0 = Debug|Any CPU
		{12DDEB3A-5934-4379-A8C0-65E8811BA5FD}.Debug|iPhoneSimulator.Deploy.0 = Debug|Any CPU
		{12DDEB3A-5934-4379-A8C0-65E8811BA5FD}.Debug|x64.ActiveCfg = Debug|Any CPU
		{12DDEB3A-5934-4379-A8C0-65E8811BA5FD}.Debug|x64.Build.0 = Debug|Any CPU
		{12DDEB3A-5934-4379-A8C0-65E8811BA5FD}.Debug|x64.Deploy.0 = Debug|Any CPU
		{12DDEB3A-5934-4379-A8C0-65E8811BA5FD}.Debug|x86.ActiveCfg = Debug|Any CPU
		{12DDEB3A-5934-4379-A8C0-65E8811BA5FD}.Debug|x86.Build.0 = Debug|Any CPU
		{12DDEB3A-5934-4379-A8C0-65E8811BA5FD}.Debug|x86.Deploy.0 = Debug|Any CPU
		{12DDEB3A-5934-4379-A8C0-65E8811BA5FD}.Release|Any CPU.ActiveCfg = Release|Any CPU
		{12DDEB3A-5934-4379-A8C0-65E8811BA5FD}.Release|Any CPU.Build.0 = Release|Any CPU
		{12DDEB3A-5934-4379-A8C0-65E8811BA5FD}.Release|Any CPU.Deploy.0 = Release|Any CPU
		{12DDEB3A-5934-4379-A8C0-65E8811BA5FD}.Release|ARM.ActiveCfg = Release|Any CPU
		{12DDEB3A-5934-4379-A8C0-65E8811BA5FD}.Release|ARM.Build.0 = Release|Any CPU
		{12DDEB3A-5934-4379-A8C0-65E8811BA5FD}.Release|ARM.Deploy.0 = Release|Any CPU
		{12DDEB3A-5934-4379-A8C0-65E8811BA5FD}.Release|ARM64.ActiveCfg = Release|Any CPU
		{12DDEB3A-5934-4379-A8C0-65E8811BA5FD}.Release|ARM64.Build.0 = Release|Any CPU
		{12DDEB3A-5934-4379-A8C0-65E8811BA5FD}.Release|ARM64.Deploy.0 = Release|Any CPU
		{12DDEB3A-5934-4379-A8C0-65E8811BA5FD}.Release|iPhone.ActiveCfg = Release|Any CPU
		{12DDEB3A-5934-4379-A8C0-65E8811BA5FD}.Release|iPhone.Build.0 = Release|Any CPU
		{12DDEB3A-5934-4379-A8C0-65E8811BA5FD}.Release|iPhone.Deploy.0 = Release|Any CPU
		{12DDEB3A-5934-4379-A8C0-65E8811BA5FD}.Release|iPhoneSimulator.ActiveCfg = Release|Any CPU
		{12DDEB3A-5934-4379-A8C0-65E8811BA5FD}.Release|iPhoneSimulator.Build.0 = Release|Any CPU
		{12DDEB3A-5934-4379-A8C0-65E8811BA5FD}.Release|iPhoneSimulator.Deploy.0 = Release|Any CPU
		{12DDEB3A-5934-4379-A8C0-65E8811BA5FD}.Release|x64.ActiveCfg = Release|Any CPU
		{12DDEB3A-5934-4379-A8C0-65E8811BA5FD}.Release|x64.Build.0 = Release|Any CPU
		{12DDEB3A-5934-4379-A8C0-65E8811BA5FD}.Release|x64.Deploy.0 = Release|Any CPU
		{12DDEB3A-5934-4379-A8C0-65E8811BA5FD}.Release|x86.ActiveCfg = Release|Any CPU
		{12DDEB3A-5934-4379-A8C0-65E8811BA5FD}.Release|x86.Build.0 = Release|Any CPU
		{12DDEB3A-5934-4379-A8C0-65E8811BA5FD}.Release|x86.Deploy.0 = Release|Any CPU
		{A87CB00F-D7F8-4877-8F48-E96C7354D084}.Ad-Hoc|iPhone.ActiveCfg = Debug|Any CPU
		{A87CB00F-D7F8-4877-8F48-E96C7354D084}.Ad-Hoc|iPhone.Build.0 = Debug|Any CPU
		{A87CB00F-D7F8-4877-8F48-E96C7354D084}.Ad-Hoc|iPhone.Deploy.0 = Debug|Any CPU
		{A87CB00F-D7F8-4877-8F48-E96C7354D084}.AppStore|iPhone.ActiveCfg = Debug|Any CPU
		{A87CB00F-D7F8-4877-8F48-E96C7354D084}.AppStore|iPhone.Build.0 = Debug|Any CPU
		{A87CB00F-D7F8-4877-8F48-E96C7354D084}.AppStore|iPhone.Deploy.0 = Debug|Any CPU
		{A87CB00F-D7F8-4877-8F48-E96C7354D084}.Debug|Any CPU.ActiveCfg = Debug|Any CPU
		{A87CB00F-D7F8-4877-8F48-E96C7354D084}.Debug|Any CPU.Build.0 = Debug|Any CPU
		{A87CB00F-D7F8-4877-8F48-E96C7354D084}.Debug|Any CPU.Deploy.0 = Debug|Any CPU
		{A87CB00F-D7F8-4877-8F48-E96C7354D084}.Debug|ARM.ActiveCfg = Debug|Any CPU
		{A87CB00F-D7F8-4877-8F48-E96C7354D084}.Debug|ARM.Build.0 = Debug|Any CPU
		{A87CB00F-D7F8-4877-8F48-E96C7354D084}.Debug|ARM.Deploy.0 = Debug|Any CPU
		{A87CB00F-D7F8-4877-8F48-E96C7354D084}.Debug|ARM64.ActiveCfg = Debug|Any CPU
		{A87CB00F-D7F8-4877-8F48-E96C7354D084}.Debug|ARM64.Build.0 = Debug|Any CPU
		{A87CB00F-D7F8-4877-8F48-E96C7354D084}.Debug|ARM64.Deploy.0 = Debug|Any CPU
		{A87CB00F-D7F8-4877-8F48-E96C7354D084}.Debug|iPhone.ActiveCfg = Debug|Any CPU
		{A87CB00F-D7F8-4877-8F48-E96C7354D084}.Debug|iPhone.Build.0 = Debug|Any CPU
		{A87CB00F-D7F8-4877-8F48-E96C7354D084}.Debug|iPhone.Deploy.0 = Debug|Any CPU
		{A87CB00F-D7F8-4877-8F48-E96C7354D084}.Debug|iPhoneSimulator.ActiveCfg = Debug|Any CPU
		{A87CB00F-D7F8-4877-8F48-E96C7354D084}.Debug|iPhoneSimulator.Build.0 = Debug|Any CPU
		{A87CB00F-D7F8-4877-8F48-E96C7354D084}.Debug|iPhoneSimulator.Deploy.0 = Debug|Any CPU
		{A87CB00F-D7F8-4877-8F48-E96C7354D084}.Debug|x64.ActiveCfg = Debug|Any CPU
		{A87CB00F-D7F8-4877-8F48-E96C7354D084}.Debug|x64.Build.0 = Debug|Any CPU
		{A87CB00F-D7F8-4877-8F48-E96C7354D084}.Debug|x64.Deploy.0 = Debug|Any CPU
		{A87CB00F-D7F8-4877-8F48-E96C7354D084}.Debug|x86.ActiveCfg = Debug|Any CPU
		{A87CB00F-D7F8-4877-8F48-E96C7354D084}.Debug|x86.Build.0 = Debug|Any CPU
		{A87CB00F-D7F8-4877-8F48-E96C7354D084}.Debug|x86.Deploy.0 = Debug|Any CPU
		{A87CB00F-D7F8-4877-8F48-E96C7354D084}.Release|Any CPU.ActiveCfg = Release|Any CPU
		{A87CB00F-D7F8-4877-8F48-E96C7354D084}.Release|Any CPU.Build.0 = Release|Any CPU
		{A87CB00F-D7F8-4877-8F48-E96C7354D084}.Release|Any CPU.Deploy.0 = Release|Any CPU
		{A87CB00F-D7F8-4877-8F48-E96C7354D084}.Release|ARM.ActiveCfg = Release|Any CPU
		{A87CB00F-D7F8-4877-8F48-E96C7354D084}.Release|ARM.Build.0 = Release|Any CPU
		{A87CB00F-D7F8-4877-8F48-E96C7354D084}.Release|ARM.Deploy.0 = Release|Any CPU
		{A87CB00F-D7F8-4877-8F48-E96C7354D084}.Release|ARM64.ActiveCfg = Release|Any CPU
		{A87CB00F-D7F8-4877-8F48-E96C7354D084}.Release|ARM64.Build.0 = Release|Any CPU
		{A87CB00F-D7F8-4877-8F48-E96C7354D084}.Release|ARM64.Deploy.0 = Release|Any CPU
		{A87CB00F-D7F8-4877-8F48-E96C7354D084}.Release|iPhone.ActiveCfg = Release|Any CPU
		{A87CB00F-D7F8-4877-8F48-E96C7354D084}.Release|iPhone.Build.0 = Release|Any CPU
		{A87CB00F-D7F8-4877-8F48-E96C7354D084}.Release|iPhone.Deploy.0 = Release|Any CPU
		{A87CB00F-D7F8-4877-8F48-E96C7354D084}.Release|iPhoneSimulator.ActiveCfg = Release|Any CPU
		{A87CB00F-D7F8-4877-8F48-E96C7354D084}.Release|iPhoneSimulator.Build.0 = Release|Any CPU
		{A87CB00F-D7F8-4877-8F48-E96C7354D084}.Release|iPhoneSimulator.Deploy.0 = Release|Any CPU
		{A87CB00F-D7F8-4877-8F48-E96C7354D084}.Release|x64.ActiveCfg = Release|Any CPU
		{A87CB00F-D7F8-4877-8F48-E96C7354D084}.Release|x64.Build.0 = Release|Any CPU
		{A87CB00F-D7F8-4877-8F48-E96C7354D084}.Release|x64.Deploy.0 = Release|Any CPU
		{A87CB00F-D7F8-4877-8F48-E96C7354D084}.Release|x86.ActiveCfg = Release|Any CPU
		{A87CB00F-D7F8-4877-8F48-E96C7354D084}.Release|x86.Build.0 = Release|Any CPU
		{A87CB00F-D7F8-4877-8F48-E96C7354D084}.Release|x86.Deploy.0 = Release|Any CPU
		{59AB3138-A24F-4786-8B53-F227B932E136}.Ad-Hoc|iPhone.ActiveCfg = Debug|Any CPU
		{59AB3138-A24F-4786-8B53-F227B932E136}.Ad-Hoc|iPhone.Build.0 = Debug|Any CPU
		{59AB3138-A24F-4786-8B53-F227B932E136}.AppStore|iPhone.ActiveCfg = Debug|Any CPU
		{59AB3138-A24F-4786-8B53-F227B932E136}.AppStore|iPhone.Build.0 = Debug|Any CPU
		{59AB3138-A24F-4786-8B53-F227B932E136}.Debug|Any CPU.ActiveCfg = Debug|Any CPU
		{59AB3138-A24F-4786-8B53-F227B932E136}.Debug|Any CPU.Build.0 = Debug|Any CPU
		{59AB3138-A24F-4786-8B53-F227B932E136}.Debug|ARM.ActiveCfg = Debug|Any CPU
		{59AB3138-A24F-4786-8B53-F227B932E136}.Debug|ARM.Build.0 = Debug|Any CPU
		{59AB3138-A24F-4786-8B53-F227B932E136}.Debug|ARM64.ActiveCfg = Debug|Any CPU
		{59AB3138-A24F-4786-8B53-F227B932E136}.Debug|ARM64.Build.0 = Debug|Any CPU
		{59AB3138-A24F-4786-8B53-F227B932E136}.Debug|iPhone.ActiveCfg = Debug|Any CPU
		{59AB3138-A24F-4786-8B53-F227B932E136}.Debug|iPhone.Build.0 = Debug|Any CPU
		{59AB3138-A24F-4786-8B53-F227B932E136}.Debug|iPhoneSimulator.ActiveCfg = Debug|Any CPU
		{59AB3138-A24F-4786-8B53-F227B932E136}.Debug|iPhoneSimulator.Build.0 = Debug|Any CPU
		{59AB3138-A24F-4786-8B53-F227B932E136}.Debug|x64.ActiveCfg = Debug|Any CPU
		{59AB3138-A24F-4786-8B53-F227B932E136}.Debug|x64.Build.0 = Debug|Any CPU
		{59AB3138-A24F-4786-8B53-F227B932E136}.Debug|x86.ActiveCfg = Debug|Any CPU
		{59AB3138-A24F-4786-8B53-F227B932E136}.Debug|x86.Build.0 = Debug|Any CPU
		{59AB3138-A24F-4786-8B53-F227B932E136}.Release|Any CPU.ActiveCfg = Release|Any CPU
		{59AB3138-A24F-4786-8B53-F227B932E136}.Release|Any CPU.Build.0 = Release|Any CPU
		{59AB3138-A24F-4786-8B53-F227B932E136}.Release|ARM.ActiveCfg = Release|Any CPU
		{59AB3138-A24F-4786-8B53-F227B932E136}.Release|ARM.Build.0 = Release|Any CPU
		{59AB3138-A24F-4786-8B53-F227B932E136}.Release|ARM64.ActiveCfg = Release|Any CPU
		{59AB3138-A24F-4786-8B53-F227B932E136}.Release|ARM64.Build.0 = Release|Any CPU
		{59AB3138-A24F-4786-8B53-F227B932E136}.Release|iPhone.ActiveCfg = Release|Any CPU
		{59AB3138-A24F-4786-8B53-F227B932E136}.Release|iPhone.Build.0 = Release|Any CPU
		{59AB3138-A24F-4786-8B53-F227B932E136}.Release|iPhoneSimulator.ActiveCfg = Release|Any CPU
		{59AB3138-A24F-4786-8B53-F227B932E136}.Release|iPhoneSimulator.Build.0 = Release|Any CPU
		{59AB3138-A24F-4786-8B53-F227B932E136}.Release|x64.ActiveCfg = Release|Any CPU
		{59AB3138-A24F-4786-8B53-F227B932E136}.Release|x64.Build.0 = Release|Any CPU
		{59AB3138-A24F-4786-8B53-F227B932E136}.Release|x86.ActiveCfg = Release|Any CPU
		{59AB3138-A24F-4786-8B53-F227B932E136}.Release|x86.Build.0 = Release|Any CPU
		{BCFEB959-6D7D-44DD-822A-BB54FB3E9EF6}.Ad-Hoc|iPhone.ActiveCfg = Debug|Any CPU
		{BCFEB959-6D7D-44DD-822A-BB54FB3E9EF6}.Ad-Hoc|iPhone.Build.0 = Debug|Any CPU
		{BCFEB959-6D7D-44DD-822A-BB54FB3E9EF6}.AppStore|iPhone.ActiveCfg = Debug|Any CPU
		{BCFEB959-6D7D-44DD-822A-BB54FB3E9EF6}.AppStore|iPhone.Build.0 = Debug|Any CPU
		{BCFEB959-6D7D-44DD-822A-BB54FB3E9EF6}.Debug|Any CPU.ActiveCfg = Debug|Any CPU
		{BCFEB959-6D7D-44DD-822A-BB54FB3E9EF6}.Debug|Any CPU.Build.0 = Debug|Any CPU
		{BCFEB959-6D7D-44DD-822A-BB54FB3E9EF6}.Debug|ARM.ActiveCfg = Debug|Any CPU
		{BCFEB959-6D7D-44DD-822A-BB54FB3E9EF6}.Debug|ARM.Build.0 = Debug|Any CPU
		{BCFEB959-6D7D-44DD-822A-BB54FB3E9EF6}.Debug|ARM64.ActiveCfg = Debug|Any CPU
		{BCFEB959-6D7D-44DD-822A-BB54FB3E9EF6}.Debug|ARM64.Build.0 = Debug|Any CPU
		{BCFEB959-6D7D-44DD-822A-BB54FB3E9EF6}.Debug|iPhone.ActiveCfg = Debug|Any CPU
		{BCFEB959-6D7D-44DD-822A-BB54FB3E9EF6}.Debug|iPhone.Build.0 = Debug|Any CPU
		{BCFEB959-6D7D-44DD-822A-BB54FB3E9EF6}.Debug|iPhoneSimulator.ActiveCfg = Debug|Any CPU
		{BCFEB959-6D7D-44DD-822A-BB54FB3E9EF6}.Debug|iPhoneSimulator.Build.0 = Debug|Any CPU
		{BCFEB959-6D7D-44DD-822A-BB54FB3E9EF6}.Debug|x64.ActiveCfg = Debug|Any CPU
		{BCFEB959-6D7D-44DD-822A-BB54FB3E9EF6}.Debug|x64.Build.0 = Debug|Any CPU
		{BCFEB959-6D7D-44DD-822A-BB54FB3E9EF6}.Debug|x86.ActiveCfg = Debug|Any CPU
		{BCFEB959-6D7D-44DD-822A-BB54FB3E9EF6}.Debug|x86.Build.0 = Debug|Any CPU
		{BCFEB959-6D7D-44DD-822A-BB54FB3E9EF6}.Release|Any CPU.ActiveCfg = Release|Any CPU
		{BCFEB959-6D7D-44DD-822A-BB54FB3E9EF6}.Release|Any CPU.Build.0 = Release|Any CPU
		{BCFEB959-6D7D-44DD-822A-BB54FB3E9EF6}.Release|ARM.ActiveCfg = Release|Any CPU
		{BCFEB959-6D7D-44DD-822A-BB54FB3E9EF6}.Release|ARM.Build.0 = Release|Any CPU
		{BCFEB959-6D7D-44DD-822A-BB54FB3E9EF6}.Release|ARM64.ActiveCfg = Release|Any CPU
		{BCFEB959-6D7D-44DD-822A-BB54FB3E9EF6}.Release|ARM64.Build.0 = Release|Any CPU
		{BCFEB959-6D7D-44DD-822A-BB54FB3E9EF6}.Release|iPhone.ActiveCfg = Release|Any CPU
		{BCFEB959-6D7D-44DD-822A-BB54FB3E9EF6}.Release|iPhone.Build.0 = Release|Any CPU
		{BCFEB959-6D7D-44DD-822A-BB54FB3E9EF6}.Release|iPhoneSimulator.ActiveCfg = Release|Any CPU
		{BCFEB959-6D7D-44DD-822A-BB54FB3E9EF6}.Release|iPhoneSimulator.Build.0 = Release|Any CPU
		{BCFEB959-6D7D-44DD-822A-BB54FB3E9EF6}.Release|x64.ActiveCfg = Release|Any CPU
		{BCFEB959-6D7D-44DD-822A-BB54FB3E9EF6}.Release|x64.Build.0 = Release|Any CPU
		{BCFEB959-6D7D-44DD-822A-BB54FB3E9EF6}.Release|x86.ActiveCfg = Release|Any CPU
		{BCFEB959-6D7D-44DD-822A-BB54FB3E9EF6}.Release|x86.Build.0 = Release|Any CPU
		{8E5C5BB6-C6BA-4BC0-A445-23B0068D44EB}.Ad-Hoc|iPhone.ActiveCfg = Debug|iPhoneSimulator
		{8E5C5BB6-C6BA-4BC0-A445-23B0068D44EB}.Ad-Hoc|iPhone.Build.0 = Debug|iPhoneSimulator
		{8E5C5BB6-C6BA-4BC0-A445-23B0068D44EB}.Ad-Hoc|iPhone.Deploy.0 = Debug|iPhoneSimulator
		{8E5C5BB6-C6BA-4BC0-A445-23B0068D44EB}.AppStore|iPhone.ActiveCfg = Debug|iPhoneSimulator
		{8E5C5BB6-C6BA-4BC0-A445-23B0068D44EB}.AppStore|iPhone.Build.0 = Debug|iPhoneSimulator
		{8E5C5BB6-C6BA-4BC0-A445-23B0068D44EB}.AppStore|iPhone.Deploy.0 = Debug|iPhoneSimulator
		{8E5C5BB6-C6BA-4BC0-A445-23B0068D44EB}.Debug|Any CPU.ActiveCfg = Debug|iPhoneSimulator
		{8E5C5BB6-C6BA-4BC0-A445-23B0068D44EB}.Debug|Any CPU.Build.0 = Debug|iPhoneSimulator
		{8E5C5BB6-C6BA-4BC0-A445-23B0068D44EB}.Debug|Any CPU.Deploy.0 = Debug|iPhoneSimulator
		{8E5C5BB6-C6BA-4BC0-A445-23B0068D44EB}.Debug|ARM.ActiveCfg = Debug|iPhoneSimulator
		{8E5C5BB6-C6BA-4BC0-A445-23B0068D44EB}.Debug|ARM.Build.0 = Debug|iPhoneSimulator
		{8E5C5BB6-C6BA-4BC0-A445-23B0068D44EB}.Debug|ARM.Deploy.0 = Debug|iPhoneSimulator
		{8E5C5BB6-C6BA-4BC0-A445-23B0068D44EB}.Debug|ARM64.ActiveCfg = Debug|iPhoneSimulator
		{8E5C5BB6-C6BA-4BC0-A445-23B0068D44EB}.Debug|ARM64.Build.0 = Debug|iPhoneSimulator
		{8E5C5BB6-C6BA-4BC0-A445-23B0068D44EB}.Debug|ARM64.Deploy.0 = Debug|iPhoneSimulator
		{8E5C5BB6-C6BA-4BC0-A445-23B0068D44EB}.Debug|iPhone.ActiveCfg = Debug|iPhoneSimulator
		{8E5C5BB6-C6BA-4BC0-A445-23B0068D44EB}.Debug|iPhone.Build.0 = Debug|iPhoneSimulator
		{8E5C5BB6-C6BA-4BC0-A445-23B0068D44EB}.Debug|iPhone.Deploy.0 = Debug|iPhoneSimulator
		{8E5C5BB6-C6BA-4BC0-A445-23B0068D44EB}.Debug|iPhoneSimulator.ActiveCfg = Debug|iPhoneSimulator
		{8E5C5BB6-C6BA-4BC0-A445-23B0068D44EB}.Debug|iPhoneSimulator.Build.0 = Debug|iPhoneSimulator
		{8E5C5BB6-C6BA-4BC0-A445-23B0068D44EB}.Debug|iPhoneSimulator.Deploy.0 = Debug|iPhoneSimulator
		{8E5C5BB6-C6BA-4BC0-A445-23B0068D44EB}.Debug|x64.ActiveCfg = Debug|iPhoneSimulator
		{8E5C5BB6-C6BA-4BC0-A445-23B0068D44EB}.Debug|x64.Build.0 = Debug|iPhoneSimulator
		{8E5C5BB6-C6BA-4BC0-A445-23B0068D44EB}.Debug|x64.Deploy.0 = Debug|iPhoneSimulator
		{8E5C5BB6-C6BA-4BC0-A445-23B0068D44EB}.Debug|x86.ActiveCfg = Debug|iPhoneSimulator
		{8E5C5BB6-C6BA-4BC0-A445-23B0068D44EB}.Debug|x86.Build.0 = Debug|iPhoneSimulator
		{8E5C5BB6-C6BA-4BC0-A445-23B0068D44EB}.Debug|x86.Deploy.0 = Debug|iPhoneSimulator
		{8E5C5BB6-C6BA-4BC0-A445-23B0068D44EB}.Release|Any CPU.ActiveCfg = Release|iPhoneSimulator
		{8E5C5BB6-C6BA-4BC0-A445-23B0068D44EB}.Release|Any CPU.Build.0 = Release|iPhoneSimulator
		{8E5C5BB6-C6BA-4BC0-A445-23B0068D44EB}.Release|Any CPU.Deploy.0 = Release|iPhoneSimulator
		{8E5C5BB6-C6BA-4BC0-A445-23B0068D44EB}.Release|ARM.ActiveCfg = Release|iPhoneSimulator
		{8E5C5BB6-C6BA-4BC0-A445-23B0068D44EB}.Release|ARM.Build.0 = Release|iPhoneSimulator
		{8E5C5BB6-C6BA-4BC0-A445-23B0068D44EB}.Release|ARM.Deploy.0 = Release|iPhoneSimulator
		{8E5C5BB6-C6BA-4BC0-A445-23B0068D44EB}.Release|ARM64.ActiveCfg = Release|iPhoneSimulator
		{8E5C5BB6-C6BA-4BC0-A445-23B0068D44EB}.Release|ARM64.Build.0 = Release|iPhoneSimulator
		{8E5C5BB6-C6BA-4BC0-A445-23B0068D44EB}.Release|ARM64.Deploy.0 = Release|iPhoneSimulator
		{8E5C5BB6-C6BA-4BC0-A445-23B0068D44EB}.Release|iPhone.ActiveCfg = Release|iPhoneSimulator
		{8E5C5BB6-C6BA-4BC0-A445-23B0068D44EB}.Release|iPhone.Build.0 = Release|iPhoneSimulator
		{8E5C5BB6-C6BA-4BC0-A445-23B0068D44EB}.Release|iPhone.Deploy.0 = Release|iPhoneSimulator
		{8E5C5BB6-C6BA-4BC0-A445-23B0068D44EB}.Release|iPhoneSimulator.ActiveCfg = Release|iPhoneSimulator
		{8E5C5BB6-C6BA-4BC0-A445-23B0068D44EB}.Release|iPhoneSimulator.Build.0 = Release|iPhoneSimulator
		{8E5C5BB6-C6BA-4BC0-A445-23B0068D44EB}.Release|iPhoneSimulator.Deploy.0 = Release|iPhoneSimulator
		{8E5C5BB6-C6BA-4BC0-A445-23B0068D44EB}.Release|x64.ActiveCfg = Release|iPhoneSimulator
		{8E5C5BB6-C6BA-4BC0-A445-23B0068D44EB}.Release|x64.Build.0 = Release|iPhoneSimulator
		{8E5C5BB6-C6BA-4BC0-A445-23B0068D44EB}.Release|x64.Deploy.0 = Release|iPhoneSimulator
		{8E5C5BB6-C6BA-4BC0-A445-23B0068D44EB}.Release|x86.ActiveCfg = Release|iPhoneSimulator
		{8E5C5BB6-C6BA-4BC0-A445-23B0068D44EB}.Release|x86.Build.0 = Release|iPhoneSimulator
		{8E5C5BB6-C6BA-4BC0-A445-23B0068D44EB}.Release|x86.Deploy.0 = Release|iPhoneSimulator
		{DC4167F1-A360-40B0-951A-0A6167DBBFE3}.Ad-Hoc|iPhone.ActiveCfg = Debug|Any CPU
		{DC4167F1-A360-40B0-951A-0A6167DBBFE3}.Ad-Hoc|iPhone.Build.0 = Debug|Any CPU
		{DC4167F1-A360-40B0-951A-0A6167DBBFE3}.AppStore|iPhone.ActiveCfg = Debug|Any CPU
		{DC4167F1-A360-40B0-951A-0A6167DBBFE3}.AppStore|iPhone.Build.0 = Debug|Any CPU
		{DC4167F1-A360-40B0-951A-0A6167DBBFE3}.Debug|Any CPU.ActiveCfg = Debug|Any CPU
		{DC4167F1-A360-40B0-951A-0A6167DBBFE3}.Debug|Any CPU.Build.0 = Debug|Any CPU
		{DC4167F1-A360-40B0-951A-0A6167DBBFE3}.Debug|ARM.ActiveCfg = Debug|Any CPU
		{DC4167F1-A360-40B0-951A-0A6167DBBFE3}.Debug|ARM.Build.0 = Debug|Any CPU
		{DC4167F1-A360-40B0-951A-0A6167DBBFE3}.Debug|ARM64.ActiveCfg = Debug|Any CPU
		{DC4167F1-A360-40B0-951A-0A6167DBBFE3}.Debug|ARM64.Build.0 = Debug|Any CPU
		{DC4167F1-A360-40B0-951A-0A6167DBBFE3}.Debug|iPhone.ActiveCfg = Debug|Any CPU
		{DC4167F1-A360-40B0-951A-0A6167DBBFE3}.Debug|iPhone.Build.0 = Debug|Any CPU
		{DC4167F1-A360-40B0-951A-0A6167DBBFE3}.Debug|iPhoneSimulator.ActiveCfg = Debug|Any CPU
		{DC4167F1-A360-40B0-951A-0A6167DBBFE3}.Debug|iPhoneSimulator.Build.0 = Debug|Any CPU
		{DC4167F1-A360-40B0-951A-0A6167DBBFE3}.Debug|x64.ActiveCfg = Debug|Any CPU
		{DC4167F1-A360-40B0-951A-0A6167DBBFE3}.Debug|x64.Build.0 = Debug|Any CPU
		{DC4167F1-A360-40B0-951A-0A6167DBBFE3}.Debug|x86.ActiveCfg = Debug|Any CPU
		{DC4167F1-A360-40B0-951A-0A6167DBBFE3}.Debug|x86.Build.0 = Debug|Any CPU
		{DC4167F1-A360-40B0-951A-0A6167DBBFE3}.Release|Any CPU.ActiveCfg = Release|Any CPU
		{DC4167F1-A360-40B0-951A-0A6167DBBFE3}.Release|Any CPU.Build.0 = Release|Any CPU
		{DC4167F1-A360-40B0-951A-0A6167DBBFE3}.Release|ARM.ActiveCfg = Release|Any CPU
		{DC4167F1-A360-40B0-951A-0A6167DBBFE3}.Release|ARM.Build.0 = Release|Any CPU
		{DC4167F1-A360-40B0-951A-0A6167DBBFE3}.Release|ARM64.ActiveCfg = Release|Any CPU
		{DC4167F1-A360-40B0-951A-0A6167DBBFE3}.Release|ARM64.Build.0 = Release|Any CPU
		{DC4167F1-A360-40B0-951A-0A6167DBBFE3}.Release|iPhone.ActiveCfg = Release|Any CPU
		{DC4167F1-A360-40B0-951A-0A6167DBBFE3}.Release|iPhone.Build.0 = Release|Any CPU
		{DC4167F1-A360-40B0-951A-0A6167DBBFE3}.Release|iPhoneSimulator.ActiveCfg = Release|Any CPU
		{DC4167F1-A360-40B0-951A-0A6167DBBFE3}.Release|iPhoneSimulator.Build.0 = Release|Any CPU
		{DC4167F1-A360-40B0-951A-0A6167DBBFE3}.Release|x64.ActiveCfg = Release|Any CPU
		{DC4167F1-A360-40B0-951A-0A6167DBBFE3}.Release|x64.Build.0 = Release|Any CPU
		{DC4167F1-A360-40B0-951A-0A6167DBBFE3}.Release|x86.ActiveCfg = Release|Any CPU
		{DC4167F1-A360-40B0-951A-0A6167DBBFE3}.Release|x86.Build.0 = Release|Any CPU
		{6279C845-92F8-4333-AB99-3D213163593C}.Ad-Hoc|iPhone.ActiveCfg = Ad-Hoc|iPhone
		{6279C845-92F8-4333-AB99-3D213163593C}.Ad-Hoc|iPhone.Build.0 = Ad-Hoc|iPhone
		{6279C845-92F8-4333-AB99-3D213163593C}.AppStore|iPhone.ActiveCfg = AppStore|iPhone
		{6279C845-92F8-4333-AB99-3D213163593C}.AppStore|iPhone.Build.0 = AppStore|iPhone
		{6279C845-92F8-4333-AB99-3D213163593C}.Debug|Any CPU.ActiveCfg = Debug|Any CPU
		{6279C845-92F8-4333-AB99-3D213163593C}.Debug|Any CPU.Build.0 = Debug|Any CPU
		{6279C845-92F8-4333-AB99-3D213163593C}.Debug|ARM.ActiveCfg = Debug|ARM
		{6279C845-92F8-4333-AB99-3D213163593C}.Debug|ARM.Build.0 = Debug|ARM
		{6279C845-92F8-4333-AB99-3D213163593C}.Debug|ARM64.ActiveCfg = Debug|ARM64
		{6279C845-92F8-4333-AB99-3D213163593C}.Debug|ARM64.Build.0 = Debug|ARM64
		{6279C845-92F8-4333-AB99-3D213163593C}.Debug|iPhone.ActiveCfg = Debug|iPhone
		{6279C845-92F8-4333-AB99-3D213163593C}.Debug|iPhone.Build.0 = Debug|iPhone
		{6279C845-92F8-4333-AB99-3D213163593C}.Debug|iPhoneSimulator.ActiveCfg = Debug|iPhoneSimulator
		{6279C845-92F8-4333-AB99-3D213163593C}.Debug|iPhoneSimulator.Build.0 = Debug|iPhoneSimulator
		{6279C845-92F8-4333-AB99-3D213163593C}.Debug|x64.ActiveCfg = Debug|x64
		{6279C845-92F8-4333-AB99-3D213163593C}.Debug|x64.Build.0 = Debug|x64
		{6279C845-92F8-4333-AB99-3D213163593C}.Debug|x86.ActiveCfg = Debug|x86
		{6279C845-92F8-4333-AB99-3D213163593C}.Debug|x86.Build.0 = Debug|x86
		{6279C845-92F8-4333-AB99-3D213163593C}.Release|Any CPU.ActiveCfg = Release|Any CPU
		{6279C845-92F8-4333-AB99-3D213163593C}.Release|Any CPU.Build.0 = Release|Any CPU
		{6279C845-92F8-4333-AB99-3D213163593C}.Release|ARM.ActiveCfg = Release|ARM
		{6279C845-92F8-4333-AB99-3D213163593C}.Release|ARM.Build.0 = Release|ARM
		{6279C845-92F8-4333-AB99-3D213163593C}.Release|ARM64.ActiveCfg = Release|ARM64
		{6279C845-92F8-4333-AB99-3D213163593C}.Release|ARM64.Build.0 = Release|ARM64
		{6279C845-92F8-4333-AB99-3D213163593C}.Release|iPhone.ActiveCfg = Release|iPhone
		{6279C845-92F8-4333-AB99-3D213163593C}.Release|iPhone.Build.0 = Release|iPhone
		{6279C845-92F8-4333-AB99-3D213163593C}.Release|iPhoneSimulator.ActiveCfg = Release|iPhoneSimulator
		{6279C845-92F8-4333-AB99-3D213163593C}.Release|iPhoneSimulator.Build.0 = Release|iPhoneSimulator
		{6279C845-92F8-4333-AB99-3D213163593C}.Release|x64.ActiveCfg = Release|x64
		{6279C845-92F8-4333-AB99-3D213163593C}.Release|x64.Build.0 = Release|x64
		{6279C845-92F8-4333-AB99-3D213163593C}.Release|x86.ActiveCfg = Release|x86
		{6279C845-92F8-4333-AB99-3D213163593C}.Release|x86.Build.0 = Release|x86
	EndGlobalSection
EndGlobal
